# This file is automatically @generated by Cargo.
# It is not intended for manual editing.
version = 4

[[package]]
name = "hello-nagi"
version = "0.1.0"
dependencies = [
 "nagi-sdk",
]

[[package]]
name = "nagi-model"
version = "0.1.0"

[[package]]
name = "nagi-sdk"
version = "0.1.0"
dependencies = [
 "nagi-model",
]
