# This file is automatically @generated by Cargo.
# It is not intended for manual editing.
version = 4

[[package]]
name = "nagi-model"
version = "0.1.0"
source = "git+https://github.com/RT-NISH/NagiOS?rev=de3092c6a0125e45ea0b1f5f70c6d62c0c33f7fa#de3092c6a0125e45ea0b1f5f70c6d62c0c33f7fa"

[[package]]
name = "nagi-search"
version = "0.1.0"
source = "git+https://github.com/RT-NISH/NagiOS?rev=de3092c6a0125e45ea0b1f5f70c6d62c0c33f7fa#de3092c6a0125e45ea0b1f5f70c6d62c0c33f7fa"
dependencies = [
 "nagi-model",
]

[[package]]
name = "nagi-search-core"
version = "0.1.0"
dependencies = [
 "nagi-model",
 "nagi-search",
]
