# This file is automatically @generated by Cargo.
# It is not intended for manual editing.
version = 4

[[package]]
name = "nagi-calendar-core"
version = "0.2.0"
dependencies = [
 "nagi-model",
]

[[package]]
name = "nagi-model"
version = "0.1.0"
source = "git+https://github.com/RT-NISH/NagiOS.git?rev=cd871f905bd06ef406ccaa9f80c484f19158209f#cd871f905bd06ef406ccaa9f80c484f19158209f"
