format_version = 1

# Exact pins for the M25 local TTS provider (crates/nagi-tts-provider).
# These describe external bytes only. Nothing here is vendored into git;
# tools/tts/fetch.sh downloads, verifies, and unpacks into an ignored cache.
# Proposed for promotion to third_party/models.lock and sources.lock by the
# shared-file owner (see .dev/workstreams/hark-m25-tts/integration-proposal.md).

[artifacts.tohoku_f01_neutral]
component = "htsvoice-tohoku-f01"
model_id = "icn-lab.tohoku-f01-neutral"
repository = "https://github.com/icn-lab/htsvoice-tohoku-f01"
revision = "8e3306021db135c265f5eda5f062dc489707ddf8"
url = "https://raw.githubusercontent.com/icn-lab/htsvoice-tohoku-f01/8e3306021db135c265f5eda5f062dc489707ddf8/tohoku-f01-neutral.htsvoice"
file_name = "tohoku-f01-neutral.htsvoice"
format = "htsvoice"
size_bytes = 2154716
git_blob_sha1 = "e9ee19219e737b654ff0f5b4e2bfb6acb4c9e806"
sha256 = "ded6acb4243b93cc50896199d67b00a7c487662bfcdcd3f9f30a4fb0444b0b46"
license = "CC-BY-4.0"
license_reference = "https://github.com/icn-lab/htsvoice-tohoku-f01/blob/8e3306021db135c265f5eda5f062dc489707ddf8/COPYRIGHT.txt"
attribution = "HTS voice tohoku-f01, Copyright (c) 2015 Intelligent Communication Network (Ito-Nose) Laboratory, Tohoku University. CC BY 4.0. Unmodified."

[artifacts.tohoku_f01_copyright]
url = "https://raw.githubusercontent.com/icn-lab/htsvoice-tohoku-f01/8e3306021db135c265f5eda5f062dc489707ddf8/COPYRIGHT.txt"
file_name = "tohoku-f01-COPYRIGHT.txt"
size_bytes = 1765
sha256 = "f7f7a1a696f062704825fcc495d330beeeac8c0ed38d8f5bdd8e90bdc3471c95"

[artifacts.naist_jdic_jpreprocess]
component = "naist-jdic (jpreprocess binary form)"
repository = "https://github.com/jpreprocess/jpreprocess"
release = "v0.15.0"
revision = "07a78220c1e850a001998451bd1e7c88709ee379"
source_dictionary_revision = "394af50de2da4a9c73b1bd04fab43e85bb6f03ff" # jpreprocess/naist-jdic v0.1.3
url = "https://github.com/jpreprocess/jpreprocess/releases/download/v0.15.0/naist-jdic-jpreprocess.tar.gz"
file_name = "naist-jdic-jpreprocess.tar.gz"
format = "tar.gz (lindera/jpreprocess dictionary directory naist-jdic/)"
size_bytes = 28668638
sha256 = "8a930bbc57bf4adcf521d53544c7dc9ab8ab3aa997a591b1b1608dc5539017b8"
license = "BSD-3-Clause"
license_reference = "https://github.com/jpreprocess/naist-jdic/blob/394af50de2da4a9c73b1bd04fab43e85bb6f03ff/COPYING"

# Unpacked file digests (naist-jdic/)
[artifacts.naist_jdic_jpreprocess.files]
"char_def.bin" = "cd3dbb6fa448906590c2e5ef2600378e4bd074c4d1d6fc5c049d4fd8c2d2d556"
"dict.da" = "26f14fe3affdb0966e1696ae6cd4b7faac91bf85b7ca57a5d8cdc045da58d043"
"dict.vals" = "7fb308e1909be247779be0a4c81070416635c4ff0ab266d48a5e964baffd345f"
"dict.words" = "7ef63438285a3dd50299aa826f3d62d9657a907184e055a179af3e00eae820aa"
"dict.wordsidx" = "67b30a728ab8816def37d9e2775d99dc98bf8eaa6f74a821dd3ee2fd009e8b61"
"matrix.mtx" = "a64b58ac89b2ca21f3ae6c56ca772f8d4488cc636f47b821b4cca9c0c67c95d2"
"metadata.json" = "8fa56e3d131c9d7cabc3633bb7c2add979469a1e22be90ecd714e81df20a5dd4"
"unk.bin" = "1ff6b44ab3145cd8ac731b9cb0500804feae5fa257aee8bc78a65a8dc80bb454"

# Rust crates (resolved and checksummed by crates/nagi-tts-provider/Cargo.lock)
[crates]
jbonsai = { version = "0.4.2", git_tag_commit = "4aa02e4dbe5ea4e3e8058477d612f116d00ed1b6", license = "BSD-3-Clause" }
jpreprocess = { version = "0.15.0", git_tag_commit = "07a78220c1e850a001998451bd1e7c88709ee379", license = "BSD-3-Clause" }
